{
  "name": "pi-subagents-local",
  "version": "0.13.0-local",
  "lockfileVersion": 3,
  "requires": true,
  "packages": {
    "": {
      "name": "pi-subagents-local",
      "version": "0.13.0-local",
      "dependencies": {
        "@sinclair/typebox": "^0.34.49",
        "croner": "^10.0.1",
        "nanoid": "^5.0.0"
      },
      "peerDependencies": {
        "@earendil-works/pi-ai": ">=0.74.0",
        "@earendil-works/pi-coding-agent": ">=0.74.0",
        "@earendil-works/pi-tui": ">=0.74.0"
      },
      "peerDependenciesMeta": {
        "@earendil-works/pi-ai": {
          "optional": true
        },
        "@earendil-works/pi-coding-agent": {
          "optional": true
        },
        "@earendil-works/pi-tui": {
          "optional": true
        }
      }
    },
    "node_modules/@sinclair/typebox": {
      "version": "0.34.50",
      "resolved": "https://registry.npmjs.org/@sinclair/typebox/-/typebox-0.34.50.tgz",
      "integrity": "sha512-ydBWw0G6WFwWHzh9RK4B5c690UkreOG0llq0r+DaI7LgKgxigf8mhHzIPI3S0850g1BPkq/zpuCfrq4QFgUlTQ==",
      "license": "MIT"
    },
    "node_modules/croner": {
      "version": "10.0.1",
      "resolved": "https://registry.npmjs.org/croner/-/croner-10.0.1.tgz",
      "integrity": "sha512-ixNtAJndqh173VQ4KodSdJEI6nuioBWI0V1ITNKhZZsO0pEMoDxz539T4FTTbSZ/xIOSuDnzxLVRqBVSvPNE2g==",
      "funding": [
        {
          "type": "other",
          "url": "https://paypal.me/hexagonpp"
        },
        {
          "type": "github",
          "url": "https://github.com/sponsors/hexagon"
        }
      ],
      "license": "MIT",
      "engines": {
        "node": ">=18.0"
      }
    },
    "node_modules/nanoid": {
      "version": "5.1.16",
      "resolved": "https://registry.npmjs.org/nanoid/-/nanoid-5.1.16.tgz",
      "integrity": "sha512-kVrnsrJqMR8+oLJnGEmSWw9BivK5mt7H3FZatVRjrc5wGqFYuBxX1yG7+A7Gi5AefkX6t/oCkizcQgpu0cY1dQ==",
      "funding": [
        {
          "type": "github",
          "url": "https://github.com/sponsors/ai"
        }
      ],
      "license": "MIT",
      "bin": {
        "nanoid": "bin/nanoid.js"
      },
      "engines": {
        "node": "^18 || >=20"
      }
    }
  }
}
